
Microsoft Visual Studio Solution File, Format Version 12.00
# Visual Studio Version 17
VisualStudioVersion = 17.7.34031.279
MinimumVisualStudioVersion = 10.0.40219.1
Project("{9A19103F-16F7-4668-BE54-9A1E7A4F7556}") = "watcher", "watcher\watcher.csproj", "{2E593838-E009-497E-9887-79379B1F334C}"
EndProject
Project("{FAE04EC0-301F-11D3-BF4B-00C04F79EFBC}") = "watcher.Tests", "watcher.Tests\watcher.Tests.csproj", "{8C7E1360-4353-4E3A-A51A-2108933717B4}"
EndProject
Global
	GlobalSection(SolutionConfigurationPlatforms) = preSolution
		Debug|Any CPU = Debug|Any CPU
		Release|Any CPU = Release|Any CPU
	EndGlobalSection
	GlobalSection(ProjectConfigurationPlatforms) = postSolution
		{2E593838-E009-497E-9887-79379B1F334C}.Debug|Any CPU.ActiveCfg = Debug|Any CPU
		{2E593838-E009-497E-9887-79379B1F334C}.Debug|Any CPU.Build.0 = Debug|Any CPU
		{2E593838-E009-497E-9887-79379B1F334C}.Release|Any CPU.ActiveCfg = Release|Any CPU
		{2E593838-E009-497E-9887-79379B1F334C}.Release|Any CPU.Build.0 = Release|Any CPU
		{8C7E1360-4353-4E3A-A51A-2108933717B4}.Debug|Any CPU.ActiveCfg = Debug|Any CPU
		{8C7E1360-4353-4E3A-A51A-2108933717B4}.Debug|Any CPU.Build.0 = Debug|Any CPU
		{8C7E1360-4353-4E3A-A51A-2108933717B4}.Release|Any CPU.ActiveCfg = Release|Any CPU
		{8C7E1360-4353-4E3A-A51A-2108933717B4}.Release|Any CPU.Build.0 = Release|Any CPU
	EndGlobalSection
	GlobalSection(SolutionProperties) = preSolution
		HideSolutionNode = FALSE
	EndGlobalSection
	GlobalSection(ExtensibilityGlobals) = postSolution
		SolutionGuid = {7755F45C-B1F6-454F-9702-5B6638141C20}
	EndGlobalSection
EndGlobal
